// !$*UTF8*$!
{
	archiveVersion = 1;
	classes = {
	};
	objectVersion = 50;
	objects = {

/* Begin PBXBuildFile section */
		7023B0FB21DB05D000EB22CE /* PhotoLocation.swift in Sources */ = {isa = PBXBuildFile; fileRef = 7023B0FA21DB05D000EB22CE /* PhotoLocation.swift */; };
		7023B0FD21DB08AA00EB22CE /* PhotoDatabase.swift in Sources */ = {isa = PBXBuildFile; fileRef = 7023B0FC21DB08AA00EB22CE /* PhotoDatabase.swift */; };
		7023B10021DB0D7900EB22CE /* Realm.framework in Frameworks */ = {isa = PBXBuildFile; fileRef = 7023B0FE21DB0D7900EB22CE /* Realm.framework */; };
		7023B10121DB0D7900EB22CE /* RealmSwift.framework in Frameworks */ = {isa = PBXBuildFile; fileRef = 7023B0FF21DB0D7900EB22CE /* RealmSwift.framework */; };
		7023B10321DDAECE00EB22CE /* ChooseLocationTableViewController.swift in Sources */ = {isa = PBXBuildFile; fileRef = 7023B10221DDAECE00EB22CE /* ChooseLocationTableViewController.swift */; };
		7023B10521DDAEE300EB22CE /* ChooseLocationTableViewCell.swift in Sources */ = {isa = PBXBuildFile; fileRef = 7023B10421DDAEE300EB22CE /* ChooseLocationTableViewCell.swift */; };
		7023B10721DDB21000EB22CE /* ChoosePhotoTableViewCell.swift in Sources */ = {isa = PBXBuildFile; fileRef = 7023B10621DDB21000EB22CE /* ChoosePhotoTableViewCell.swift */; };
		7023B10921DDB23E00EB22CE /* ChoosePhotoTableViewController.swift in Sources */ = {isa = PBXBuildFile; fileRef = 7023B10821DDB23E00EB22CE /* ChoosePhotoTableViewController.swift */; };
		7023B10C21E9A3F000EB22CE /* UserPhotoTableViewCell.swift in Sources */ = {isa = PBXBuildFile; fileRef = 7023B10B21E9A3F000EB22CE /* UserPhotoTableViewCell.swift */; };
		7076ACCC220C2D2F0087DE58 /* ArcGIS.bundle in Resources */ = {isa = PBXBuildFile; fileRef = 7076ACCB220C2D2F0087DE58 /* ArcGIS.bundle */; };
		708585032206E9070033FFA5 /* PortalReader.swift in Sources */ = {isa = PBXBuildFile; fileRef = 708585022206E9070033FFA5 /* PortalReader.swift */; };
		70858506220AD36A0033FFA5 /* HomePageViewController.swift in Sources */ = {isa = PBXBuildFile; fileRef = 70858505220AD36A0033FFA5 /* HomePageViewController.swift */; };
		709B362D221FE46A00D8C89F /* MapViewCell.swift in Sources */ = {isa = PBXBuildFile; fileRef = 709B362C221FE46A00D8C89F /* MapViewCell.swift */; };
		70F13A4B21CD1466009077DD /* AppDelegate.swift in Sources */ = {isa = PBXBuildFile; fileRef = 70F13A4A21CD1466009077DD /* AppDelegate.swift */; };
		70F13A4D21CD1466009077DD /* PhotoLocationViewController.swift in Sources */ = {isa = PBXBuildFile; fileRef = 70F13A4C21CD1466009077DD /* PhotoLocationViewController.swift */; };
		70F13A5021CD1466009077DD /* Main.storyboard in Resources */ = {isa = PBXBuildFile; fileRef = 70F13A4E21CD1466009077DD /* Main.storyboard */; };
		70F13A5221CD1468009077DD /* Assets.xcassets in Resources */ = {isa = PBXBuildFile; fileRef = 70F13A5121CD1468009077DD /* Assets.xcassets */; };
		70F13A5521CD1468009077DD /* LaunchScreen.storyboard in Resources */ = {isa = PBXBuildFile; fileRef = 70F13A5321CD1468009077DD /* LaunchScreen.storyboard */; };
		70F13A6021CD1469009077DD /* GotoPhotoTests.swift in Sources */ = {isa = PBXBuildFile; fileRef = 70F13A5F21CD1469009077DD /* GotoPhotoTests.swift */; };
		70F13A6B21CD1469009077DD /* GotoPhotoUITests.swift in Sources */ = {isa = PBXBuildFile; fileRef = 70F13A6A21CD1469009077DD /* GotoPhotoUITests.swift */; };
		70F13A7B21CE18BE009077DD /* ArItemViewController.swift in Sources */ = {isa = PBXBuildFile; fileRef = 70F13A7A21CE18BE009077DD /* ArItemViewController.swift */; };
		70F13A9121CE1A78009077DD /* ARAnnotation.swift in Sources */ = {isa = PBXBuildFile; fileRef = 70F13A8121CE1A78009077DD /* ARAnnotation.swift */; };
		70F13A9221CE1A78009077DD /* ARTrackingManager.swift in Sources */ = {isa = PBXBuildFile; fileRef = 70F13A8221CE1A78009077DD /* ARTrackingManager.swift */; };
		70F13A9321CE1A78009077DD /* ARPresenter.swift in Sources */ = {isa = PBXBuildFile; fileRef = 70F13A8321CE1A78009077DD /* ARPresenter.swift */; };
		70F13A9421CE1A78009077DD /* ARAnnotationView.swift in Sources */ = {isa = PBXBuildFile; fileRef = 70F13A8421CE1A78009077DD /* ARAnnotationView.swift */; };
		70F13A9521CE1A78009077DD /* ARPresenterTransform.swift in Sources */ = {isa = PBXBuildFile; fileRef = 70F13A8521CE1A78009077DD /* ARPresenterTransform.swift */; };
		70F13A9621CE1A78009077DD /* ARConfiguration.swift in Sources */ = {isa = PBXBuildFile; fileRef = 70F13A8621CE1A78009077DD /* ARConfiguration.swift */; };
		70F13A9721CE1A78009077DD /* CameraView.swift in Sources */ = {isa = PBXBuildFile; fileRef = 70F13A8821CE1A78009077DD /* CameraView.swift */; };
		70F13A9821CE1A78009077DD /* ARViewController.swift in Sources */ = {isa = PBXBuildFile; fileRef = 70F13A8921CE1A78009077DD /* ARViewController.swift */; };
		70F13A9921CE1A78009077DD /* DebugMapViewController.swift in Sources */ = {isa = PBXBuildFile; fileRef = 70F13A8B21CE1A78009077DD /* DebugMapViewController.swift */; };
		70F13A9A21CE1A78009077DD /* hdar_close@3x.png in Resources */ = {isa = PBXBuildFile; fileRef = 70F13A8D21CE1A78009077DD /* hdar_close@3x.png */; };
		70F13A9B21CE1A78009077DD /* hdar_close@2x.png in Resources */ = {isa = PBXBuildFile; fileRef = 70F13A8E21CE1A78009077DD /* hdar_close@2x.png */; };
		70F13A9C21CE1A78009077DD /* DebugMapViewController.xib in Resources */ = {isa = PBXBuildFile; fileRef = 70F13A8F21CE1A78009077DD /* DebugMapViewController.xib */; };
		70F13A9D21CE1A78009077DD /* hdar_close.png in Resources */ = {isa = PBXBuildFile; fileRef = 70F13A9021CE1A78009077DD /* hdar_close.png */; };
/* End PBXBuildFile section */

/* Begin PBXContainerItemProxy section */
		70F13A5C21CD1469009077DD /* PBXContainerItemProxy */ = {
			isa = PBXContainerItemProxy;
			containerPortal = 70F13A3F21CD1466009077DD /* Project object */;
			proxyType = 1;
			remoteGlobalIDString = 70F13A4621CD1466009077DD;
			remoteInfo = GotoPhoto;
		};
		70F13A6721CD1469009077DD /* PBXContainerItemProxy */ = {
			isa = PBXContainerItemProxy;
			containerPortal = 70F13A3F21CD1466009077DD /* Project object */;
			proxyType = 1;
			remoteGlobalIDString = 70F13A4621CD1466009077DD;
			remoteInfo = GotoPhoto;
		};
/* End PBXContainerItemProxy section */

/* Begin PBXFileReference section */
		7023B0FA21DB05D000EB22CE /* PhotoLocation.swift */ = {isa = PBXFileReference; lastKnownFileType = sourcecode.swift; path = PhotoLocation.swift; sourceTree = "<group>"; };
		7023B0FC21DB08AA00EB22CE /* PhotoDatabase.swift */ = {isa = PBXFileReference; lastKnownFileType = sourcecode.swift; path = PhotoDatabase.swift; sourceTree = "<group>"; };
		7023B0FE21DB0D7900EB22CE /* Realm.framework */ = {isa = PBXFileReference; lastKnownFileType = wrapper.framework; name = Realm.framework; path = Carthage/Build/iOS/Realm.framework; sourceTree = "<group>"; };
		7023B0FF21DB0D7900EB22CE /* RealmSwift.framework */ = {isa = PBXFileReference; lastKnownFileType = wrapper.framework; name = RealmSwift.framework; path = Carthage/Build/iOS/RealmSwift.framework; sourceTree = "<group>"; };
		7023B10221DDAECE00EB22CE /* ChooseLocationTableViewController.swift */ = {isa = PBXFileReference; lastKnownFileType = sourcecode.swift; path = ChooseLocationTableViewController.swift; sourceTree = "<group>"; };
		7023B10421DDAEE300EB22CE /* ChooseLocationTableViewCell.swift */ = {isa = PBXFileReference; lastKnownFileType = sourcecode.swift; path = ChooseLocationTableViewCell.swift; sourceTree = "<group>"; };
		7023B10621DDB21000EB22CE /* ChoosePhotoTableViewCell.swift */ = {isa = PBXFileReference; lastKnownFileType = sourcecode.swift; path = ChoosePhotoTableViewCell.swift; sourceTree = "<group>"; };
		7023B10821DDB23E00EB22CE /* ChoosePhotoTableViewController.swift */ = {isa = PBXFileReference; lastKnownFileType = sourcecode.swift; path = ChoosePhotoTableViewController.swift; sourceTree = "<group>"; };
		7023B10B21E9A3F000EB22CE /* UserPhotoTableViewCell.swift */ = {isa = PBXFileReference; lastKnownFileType = sourcecode.swift; path = UserPhotoTableViewCell.swift; sourceTree = "<group>"; };
		7076ACCB220C2D2F0087DE58 /* ArcGIS.bundle */ = {isa = PBXFileReference; lastKnownFileType = "wrapper.plug-in"; name = ArcGIS.bundle; path = ../../../../SDKs/ArcGIS/iOS/Frameworks/Static/ArcGIS.framework/Versions/Current/Resources/ArcGIS.bundle; sourceTree = "<group>"; };
		708585022206E9070033FFA5 /* PortalReader.swift */ = {isa = PBXFileReference; fileEncoding = 4; lastKnownFileType = sourcecode.swift; path = PortalReader.swift; sourceTree = "<group>"; };
		70858505220AD36A0033FFA5 /* HomePageViewController.swift */ = {isa = PBXFileReference; lastKnownFileType = sourcecode.swift; path = HomePageViewController.swift; sourceTree = "<group>"; };
		709B362C221FE46A00D8C89F /* MapViewCell.swift */ = {isa = PBXFileReference; lastKnownFileType = sourcecode.swift; path = MapViewCell.swift; sourceTree = "<group>"; };
		70F13A4721CD1466009077DD /* GotoPhoto.app */ = {isa = PBXFileReference; explicitFileType = wrapper.application; includeInIndex = 0; path = GotoPhoto.app; sourceTree = BUILT_PRODUCTS_DIR; };
		70F13A4A21CD1466009077DD /* AppDelegate.swift */ = {isa = PBXFileReference; lastKnownFileType = sourcecode.swift; path = AppDelegate.swift; sourceTree = "<group>"; };
		70F13A4C21CD1466009077DD /* PhotoLocationViewController.swift */ = {isa = PBXFileReference; lastKnownFileType = sourcecode.swift; path = PhotoLocationViewController.swift; sourceTree = "<group>"; };
		70F13A4F21CD1466009077DD /* Base */ = {isa = PBXFileReference; lastKnownFileType = file.storyboard; name = Base; path = Base.lproj/Main.storyboard; sourceTree = "<group>"; };
		70F13A5121CD1468009077DD /* Assets.xcassets */ = {isa = PBXFileReference; lastKnownFileType = folder.assetcatalog; path = Assets.xcassets; sourceTree = "<group>"; };
		70F13A5421CD1468009077DD /* Base */ = {isa = PBXFileReference; lastKnownFileType = file.storyboard; name = Base; path = Base.lproj/LaunchScreen.storyboard; sourceTree = "<group>"; };
		70F13A5621CD1468009077DD /* Info.plist */ = {isa = PBXFileReference; lastKnownFileType = text.plist.xml; path = Info.plist; sourceTree = "<group>"; };
		70F13A5B21CD1469009077DD /* GotoPhotoTests.xctest */ = {isa = PBXFileReference; explicitFileType = wrapper.cfbundle; includeInIndex = 0; path = GotoPhotoTests.xctest; sourceTree = BUILT_PRODUCTS_DIR; };
		70F13A5F21CD1469009077DD /* GotoPhotoTests.swift */ = {isa = PBXFileReference; lastKnownFileType = sourcecode.swift; path = GotoPhotoTests.swift; sourceTree = "<group>"; };
		70F13A6121CD1469009077DD /* Info.plist */ = {isa = PBXFileReference; lastKnownFileType = text.plist.xml; path = Info.plist; sourceTree = "<group>"; };
		70F13A6621CD1469009077DD /* GotoPhotoUITests.xctest */ = {isa = PBXFileReference; explicitFileType = wrapper.cfbundle; includeInIndex = 0; path = GotoPhotoUITests.xctest; sourceTree = BUILT_PRODUCTS_DIR; };
		70F13A6A21CD1469009077DD /* GotoPhotoUITests.swift */ = {isa = PBXFileReference; lastKnownFileType = sourcecode.swift; path = GotoPhotoUITests.swift; sourceTree = "<group>"; };
		70F13A6C21CD1469009077DD /* Info.plist */ = {isa = PBXFileReference; lastKnownFileType = text.plist.xml; path = Info.plist; sourceTree = "<group>"; };
		70F13A7A21CE18BE009077DD /* ArItemViewController.swift */ = {isa = PBXFileReference; fileEncoding = 4; lastKnownFileType = sourcecode.swift; path = ArItemViewController.swift; sourceTree = "<group>"; };
		70F13A8121CE1A78009077DD /* ARAnnotation.swift */ = {isa = PBXFileReference; fileEncoding = 4; lastKnownFileType = sourcecode.swift; path = ARAnnotation.swift; sourceTree = "<group>"; };
		70F13A8221CE1A78009077DD /* ARTrackingManager.swift */ = {isa = PBXFileReference; fileEncoding = 4; lastKnownFileType = sourcecode.swift; path = ARTrackingManager.swift; sourceTree = "<group>"; };
		70F13A8321CE1A78009077DD /* ARPresenter.swift */ = {isa = PBXFileReference; fileEncoding = 4; lastKnownFileType = sourcecode.swift; path = ARPresenter.swift; sourceTree = "<group>"; };
		70F13A8421CE1A78009077DD /* ARAnnotationView.swift */ = {isa = PBXFileReference; fileEncoding = 4; lastKnownFileType = sourcecode.swift; path = ARAnnotationView.swift; sourceTree = "<group>"; };
		70F13A8521CE1A78009077DD /* ARPresenterTransform.swift */ = {isa = PBXFileReference; fileEncoding = 4; lastKnownFileType = sourcecode.swift; path = ARPresenterTransform.swift; sourceTree = "<group>"; };
		70F13A8621CE1A78009077DD /* ARConfiguration.swift */ = {isa = PBXFileReference; fileEncoding = 4; lastKnownFileType = sourcecode.swift; path = ARConfiguration.swift; sourceTree = "<group>"; };
		70F13A8821CE1A78009077DD /* CameraView.swift */ = {isa = PBXFileReference; fileEncoding = 4; lastKnownFileType = sourcecode.swift; path = CameraView.swift; sourceTree = "<group>"; };
		70F13A8921CE1A78009077DD /* ARViewController.swift */ = {isa = PBXFileReference; fileEncoding = 4; lastKnownFileType = sourcecode.swift; path = ARViewController.swift; sourceTree = "<group>"; };
		70F13A8B21CE1A78009077DD /* DebugMapViewController.swift */ = {isa = PBXFileReference; fileEncoding = 4; lastKnownFileType = sourcecode.swift; path = DebugMapViewController.swift; sourceTree = "<group>"; };
		70F13A8D21CE1A78009077DD /* hdar_close@3x.png */ = {isa = PBXFileReference; lastKnownFileType = image.png; path = "hdar_close@3x.png"; sourceTree = "<group>"; };
		70F13A8E21CE1A78009077DD /* hdar_close@2x.png */ = {isa = PBXFileReference; lastKnownFileType = image.png; path = "hdar_close@2x.png"; sourceTree = "<group>"; };
		70F13A8F21CE1A78009077DD /* DebugMapViewController.xib */ = {isa = PBXFileReference; fileEncoding = 4; lastKnownFileType = file.xib; path = DebugMapViewController.xib; sourceTree = "<group>"; };
		70F13A9021CE1A78009077DD /* hdar_close.png */ = {isa = PBXFileReference; lastKnownFileType = image.png; path = hdar_close.png; sourceTree = "<group>"; };
		70F13AA321CE2314009077DD /* Kingfisher.framework */ = {isa = PBXFileReference; lastKnownFileType = wrapper.framework; name = Kingfisher.framework; path = Carthage/Build/iOS/Kingfisher.framework; sourceTree = "<group>"; };
/* End PBXFileReference section */

/* Begin PBXFrameworksBuildPhase section */
		70F13A4421CD1466009077DD /* Frameworks */ = {
			isa = PBXFrameworksBuildPhase;
			buildActionMask = 2147483647;
			files = (
				7023B10021DB0D7900EB22CE /* Realm.framework in Frameworks */,
				7023B10121DB0D7900EB22CE /* RealmSwift.framework in Frameworks */,
			);
			runOnlyForDeploymentPostprocessing = 0;
		};
		70F13A5821CD1469009077DD /* Frameworks */ = {
			isa = PBXFrameworksBuildPhase;
			buildActionMask = 2147483647;
			files = (
			);
			runOnlyForDeploymentPostprocessing = 0;
		};
		70F13A6321CD1469009077DD /* Frameworks */ = {
			isa = PBXFrameworksBuildPhase;
			buildActionMask = 2147483647;
			files = (
			);
			runOnlyForDeploymentPostprocessing = 0;
		};
/* End PBXFrameworksBuildPhase section */

/* Begin PBXGroup section */
		7023B0F921DB04B100EB22CE /* Database */ = {
			isa = PBXGroup;
			children = (
				708585022206E9070033FFA5 /* PortalReader.swift */,
				7023B0FA21DB05D000EB22CE /* PhotoLocation.swift */,
				7023B0FC21DB08AA00EB22CE /* PhotoDatabase.swift */,
			);
			path = Database;
			sourceTree = "<group>";
		};
		7023B10A21E9A3BB00EB22CE /* ViewControllers */ = {
			isa = PBXGroup;
			children = (
				70F13A7A21CE18BE009077DD /* ArItemViewController.swift */,
				7023B10221DDAECE00EB22CE /* ChooseLocationTableViewController.swift */,
				7023B10421DDAEE300EB22CE /* ChooseLocationTableViewCell.swift */,
				7023B10621DDB21000EB22CE /* ChoosePhotoTableViewCell.swift */,
				7023B10821DDB23E00EB22CE /* ChoosePhotoTableViewController.swift */,
				70F13A4C21CD1466009077DD /* PhotoLocationViewController.swift */,
				7023B10B21E9A3F000EB22CE /* UserPhotoTableViewCell.swift */,
				70858505220AD36A0033FFA5 /* HomePageViewController.swift */,
				709B362C221FE46A00D8C89F /* MapViewCell.swift */,
			);
			path = ViewControllers;
			sourceTree = "<group>";
		};
		70F13A3E21CD1466009077DD = {
			isa = PBXGroup;
			children = (
				7076ACCB220C2D2F0087DE58 /* ArcGIS.bundle */,
				70F13A4921CD1466009077DD /* GotoPhoto */,
				70F13A5E21CD1469009077DD /* GotoPhotoTests */,
				70F13A6921CD1469009077DD /* GotoPhotoUITests */,
				70F13A4821CD1466009077DD /* Products */,
				70F13A9E21CE21FC009077DD /* Frameworks */,
			);
			sourceTree = "<group>";
		};
		70F13A4821CD1466009077DD /* Products */ = {
			isa = PBXGroup;
			children = (
				70F13A4721CD1466009077DD /* GotoPhoto.app */,
				70F13A5B21CD1469009077DD /* GotoPhotoTests.xctest */,
				70F13A6621CD1469009077DD /* GotoPhotoUITests.xctest */,
			);
			name = Products;
			sourceTree = "<group>";
		};
		70F13A4921CD1466009077DD /* GotoPhoto */ = {
			isa = PBXGroup;
			children = (
				7023B10A21E9A3BB00EB22CE /* ViewControllers */,
				7023B0F921DB04B100EB22CE /* Database */,
				70F13A7F21CE1A78009077DD /* HDAugmentedReality */,
				70F13A4A21CD1466009077DD /* AppDelegate.swift */,
				70F13A4E21CD1466009077DD /* Main.storyboard */,
				70F13A5121CD1468009077DD /* Assets.xcassets */,
				70F13A5321CD1468009077DD /* LaunchScreen.storyboard */,
				70F13A5621CD1468009077DD /* Info.plist */,
			);
			path = GotoPhoto;
			sourceTree = "<group>";
		};
		70F13A5E21CD1469009077DD /* GotoPhotoTests */ = {
			isa = PBXGroup;
			children = (
				70F13A5F21CD1469009077DD /* GotoPhotoTests.swift */,
				70F13A6121CD1469009077DD /* Info.plist */,
			);
			path = GotoPhotoTests;
			sourceTree = "<group>";
		};
		70F13A6921CD1469009077DD /* GotoPhotoUITests */ = {
			isa = PBXGroup;
			children = (
				70F13A6A21CD1469009077DD /* GotoPhotoUITests.swift */,
				70F13A6C21CD1469009077DD /* Info.plist */,
			);
			path = GotoPhotoUITests;
			sourceTree = "<group>";
		};
		70F13A7F21CE1A78009077DD /* HDAugmentedReality */ = {
			isa = PBXGroup;
			children = (
				70F13A8021CE1A78009077DD /* Classes */,
				70F13A8C21CE1A78009077DD /* Resources */,
			);
			path = HDAugmentedReality;
			sourceTree = "<group>";
		};
		70F13A8021CE1A78009077DD /* Classes */ = {
			isa = PBXGroup;
			children = (
				70F13A8121CE1A78009077DD /* ARAnnotation.swift */,
				70F13A8221CE1A78009077DD /* ARTrackingManager.swift */,
				70F13A8321CE1A78009077DD /* ARPresenter.swift */,
				70F13A8421CE1A78009077DD /* ARAnnotationView.swift */,
				70F13A8521CE1A78009077DD /* ARPresenterTransform.swift */,
				70F13A8621CE1A78009077DD /* ARConfiguration.swift */,
				70F13A8721CE1A78009077DD /* External */,
				70F13A8921CE1A78009077DD /* ARViewController.swift */,
				70F13A8A21CE1A78009077DD /* Debug */,
			);
			path = Classes;
			sourceTree = "<group>";
		};
		70F13A8721CE1A78009077DD /* External */ = {
			isa = PBXGroup;
			children = (
				70F13A8821CE1A78009077DD /* CameraView.swift */,
			);
			path = External;
			sourceTree = "<group>";
		};
		70F13A8A21CE1A78009077DD /* Debug */ = {
			isa = PBXGroup;
			children = (
				70F13A8B21CE1A78009077DD /* DebugMapViewController.swift */,
			);
			path = Debug;
			sourceTree = "<group>";
		};
		70F13A8C21CE1A78009077DD /* Resources */ = {
			isa = PBXGroup;
			children = (
				70F13A8D21CE1A78009077DD /* hdar_close@3x.png */,
				70F13A8E21CE1A78009077DD /* hdar_close@2x.png */,
				70F13A8F21CE1A78009077DD /* DebugMapViewController.xib */,
				70F13A9021CE1A78009077DD /* hdar_close.png */,
			);
			path = Resources;
			sourceTree = "<group>";
		};
		70F13A9E21CE21FC009077DD /* Frameworks */ = {
			isa = PBXGroup;
			children = (
				7023B0FE21DB0D7900EB22CE /* Realm.framework */,
				7023B0FF21DB0D7900EB22CE /* RealmSwift.framework */,
				70F13AA321CE2314009077DD /* Kingfisher.framework */,
			);
			name = Frameworks;
			sourceTree = "<group>";
		};
/* End PBXGroup section */

/* Begin PBXNativeTarget section */
		70F13A4621CD1466009077DD /* GotoPhoto */ = {
			isa = PBXNativeTarget;
			buildConfigurationList = 70F13A6F21CD1469009077DD /* Build configuration list for PBXNativeTarget "GotoPhoto" */;
			buildPhases = (
				70F13A4321CD1466009077DD /* Sources */,
				70F13A4421CD1466009077DD /* Frameworks */,
				70F13A4521CD1466009077DD /* Resources */,
				70F13AA121CE2210009077DD /* ShellScript */,
				70858504220993170033FFA5 /* ShellScript */,
			);
			buildRules = (
			);
			dependencies = (
			);
			name = GotoPhoto;
			productName = GotoPhoto;
			productReference = 70F13A4721CD1466009077DD /* GotoPhoto.app */;
			productType = "com.apple.product-type.application";
		};
		70F13A5A21CD1469009077DD /* GotoPhotoTests */ = {
			isa = PBXNativeTarget;
			buildConfigurationList = 70F13A7221CD1469009077DD /* Build configuration list for PBXNativeTarget "GotoPhotoTests" */;
			buildPhases = (
				70F13A5721CD1469009077DD /* Sources */,
				70F13A5821CD1469009077DD /* Frameworks */,
				70F13A5921CD1469009077DD /* Resources */,
			);
			buildRules = (
			);
			dependencies = (
				70F13A5D21CD1469009077DD /* PBXTargetDependency */,
			);
			name = GotoPhotoTests;
			productName = GotoPhotoTests;
			productReference = 70F13A5B21CD1469009077DD /* GotoPhotoTests.xctest */;
			productType = "com.apple.product-type.bundle.unit-test";
		};
		70F13A6521CD1469009077DD /* GotoPhotoUITests */ = {
			isa = PBXNativeTarget;
			buildConfigurationList = 70F13A7521CD1469009077DD /* Build configuration list for PBXNativeTarget "GotoPhotoUITests" */;
			buildPhases = (
				70F13A6221CD1469009077DD /* Sources */,
				70F13A6321CD1469009077DD /* Frameworks */,
				70F13A6421CD1469009077DD /* Resources */,
			);
			buildRules = (
			);
			dependencies = (
				70F13A6821CD1469009077DD /* PBXTargetDependency */,
			);
			name = GotoPhotoUITests;
			productName = GotoPhotoUITests;
			productReference = 70F13A6621CD1469009077DD /* GotoPhotoUITests.xctest */;
			productType = "com.apple.product-type.bundle.ui-testing";
		};
/* End PBXNativeTarget section */

/* Begin PBXProject section */
		70F13A3F21CD1466009077DD /* Project object */ = {
			isa = PBXProject;
			attributes = {
				LastSwiftUpdateCheck = 1010;
				LastUpgradeCheck = 1010;
				ORGANIZATIONNAME = "Chris Shaw";
				TargetAttributes = {
					70F13A4621CD1466009077DD = {
						CreatedOnToolsVersion = 10.1;
					};
					70F13A5A21CD1469009077DD = {
						CreatedOnToolsVersion = 10.1;
						TestTargetID = 70F13A4621CD1466009077DD;
					};
					70F13A6521CD1469009077DD = {
						CreatedOnToolsVersion = 10.1;
						TestTargetID = 70F13A4621CD1466009077DD;
					};
				};
			};
			buildConfigurationList = 70F13A4221CD1466009077DD /* Build configuration list for PBXProject "GotoPhoto" */;
			compatibilityVersion = "Xcode 9.3";
			developmentRegion = en;
			hasScannedForEncodings = 0;
			knownRegions = (
				en,
				Base,
			);
			mainGroup = 70F13A3E21CD1466009077DD;
			productRefGroup = 70F13A4821CD1466009077DD /* Products */;
			projectDirPath = "";
			projectRoot = "";
			targets = (
				70F13A4621CD1466009077DD /* GotoPhoto */,
				70F13A5A21CD1469009077DD /* GotoPhotoTests */,
				70F13A6521CD1469009077DD /* GotoPhotoUITests */,
			);
		};
/* End PBXProject section */

/* Begin PBXResourcesBuildPhase section */
		70F13A4521CD1466009077DD /* Resources */ = {
			isa = PBXResourcesBuildPhase;
			buildActionMask = 2147483647;
			files = (
				70F13A5521CD1468009077DD /* LaunchScreen.storyboard in Resources */,
				70F13A5221CD1468009077DD /* Assets.xcassets in Resources */,
				70F13A5021CD1466009077DD /* Main.storyboard in Resources */,
				70F13A9A21CE1A78009077DD /* hdar_close@3x.png in Resources */,
				70F13A9B21CE1A78009077DD /* hdar_close@2x.png in Resources */,
				70F13A9D21CE1A78009077DD /* hdar_close.png in Resources */,
				7076ACCC220C2D2F0087DE58 /* ArcGIS.bundle in Resources */,
				70F13A9C21CE1A78009077DD /* DebugMapViewController.xib in Resources */,
			);
			runOnlyForDeploymentPostprocessing = 0;
		};
		70F13A5921CD1469009077DD /* Resources */ = {
			isa = PBXResourcesBuildPhase;
			buildActionMask = 2147483647;
			files = (
			);
			runOnlyForDeploymentPostprocessing = 0;
		};
		70F13A6421CD1469009077DD /* Resources */ = {
			isa = PBXResourcesBuildPhase;
			buildActionMask = 2147483647;
			files = (
			);
			runOnlyForDeploymentPostprocessing = 0;
		};
/* End PBXResourcesBuildPhase section */

/* Begin PBXShellScriptBuildPhase section */
		70858504220993170033FFA5 /* ShellScript */ = {
			isa = PBXShellScriptBuildPhase;
			buildActionMask = 2147483647;
			files = (
			);
			inputFileListPaths = (
			);
			inputPaths = (
			);
			outputFileListPaths = (
			);
			outputPaths = (
			);
			runOnlyForDeploymentPostprocessing = 0;
			shellPath = /bin/sh;
			shellScript = "#!/bin/bash    \nbuildNumber=$(/usr/libexec/PlistBuddy -c \"Print CFBundleVersion\" \"$INFOPLIST_FILE\")\nbuildNumber=$(($buildNumber + 1))\n/usr/libexec/PlistBuddy -c \"Set :CFBundleVersion $buildNumber\" \"$INFOPLIST_FILE\"\n";
		};
		70F13AA121CE2210009077DD /* ShellScript */ = {
			isa = PBXShellScriptBuildPhase;
			buildActionMask = 2147483647;
			files = (
			);
			inputFileListPaths = (
			);
			inputPaths = (
				"$(SRCROOT)/Carthage/Build/iOS/Kingfisher.framework",
				"$(SRCROOT)/Carthage/Build/iOS/Realm.framework",
				"$(SRCROOT)/Carthage/Build/iOS/RealmSwift.framework",
			);
			outputFileListPaths = (
			);
			outputPaths = (
				"$(BUILT_PRODUCTS_DIR)/$(FRAMEWORKS_FOLDER_PATH)/Kingfisher.framework",
			);
			runOnlyForDeploymentPostprocessing = 0;
			shellPath = /bin/sh;
			shellScript = "# Type a script or drag a script file from your workspace to insert its path.\n/usr/local/bin/carthage copy-frameworks\n";
		};
/* End PBXShellScriptBuildPhase section */

/* Begin PBXSourcesBuildPhase section */
		70F13A4321CD1466009077DD /* Sources */ = {
			isa = PBXSourcesBuildPhase;
			buildActionMask = 2147483647;
			files = (
				70F13A4D21CD1466009077DD /* PhotoLocationViewController.swift in Sources */,
				7023B10321DDAECE00EB22CE /* ChooseLocationTableViewController.swift in Sources */,
				70F13A9221CE1A78009077DD /* ARTrackingManager.swift in Sources */,
				7023B10921DDB23E00EB22CE /* ChoosePhotoTableViewController.swift in Sources */,
				70F13A4B21CD1466009077DD /* AppDelegate.swift in Sources */,
				7023B0FD21DB08AA00EB22CE /* PhotoDatabase.swift in Sources */,
				70F13A9721CE1A78009077DD /* CameraView.swift in Sources */,
				70F13A9321CE1A78009077DD /* ARPresenter.swift in Sources */,
				70858506220AD36A0033FFA5 /* HomePageViewController.swift in Sources */,
				70F13A9521CE1A78009077DD /* ARPresenterTransform.swift in Sources */,
				70F13A7B21CE18BE009077DD /* ArItemViewController.swift in Sources */,
				7023B10721DDB21000EB22CE /* ChoosePhotoTableViewCell.swift in Sources */,
				70F13A9921CE1A78009077DD /* DebugMapViewController.swift in Sources */,
				70F13A9121CE1A78009077DD /* ARAnnotation.swift in Sources */,
				7023B10521DDAEE300EB22CE /* ChooseLocationTableViewCell.swift in Sources */,
				708585032206E9070033FFA5 /* PortalReader.swift in Sources */,
				7023B10C21E9A3F000EB22CE /* UserPhotoTableViewCell.swift in Sources */,
				70F13A9621CE1A78009077DD /* ARConfiguration.swift in Sources */,
				7023B0FB21DB05D000EB22CE /* PhotoLocation.swift in Sources */,
				70F13A9421CE1A78009077DD /* ARAnnotationView.swift in Sources */,
				70F13A9821CE1A78009077DD /* ARViewController.swift in Sources */,
				709B362D221FE46A00D8C89F /* MapViewCell.swift in Sources */,
			);
			runOnlyForDeploymentPostprocessing = 0;
		};
		70F13A5721CD1469009077DD /* Sources */ = {
			isa = PBXSourcesBuildPhase;
			buildActionMask = 2147483647;
			files = (
				70F13A6021CD1469009077DD /* GotoPhotoTests.swift in Sources */,
			);
			runOnlyForDeploymentPostprocessing = 0;
		};
		70F13A6221CD1469009077DD /* Sources */ = {
			isa = PBXSourcesBuildPhase;
			buildActionMask = 2147483647;
			files = (
				70F13A6B21CD1469009077DD /* GotoPhotoUITests.swift in Sources */,
			);
			runOnlyForDeploymentPostprocessing = 0;
		};
/* End PBXSourcesBuildPhase section */

/* Begin PBXTargetDependency section */
		70F13A5D21CD1469009077DD /* PBXTargetDependency */ = {
			isa = PBXTargetDependency;
			target = 70F13A4621CD1466009077DD /* GotoPhoto */;
			targetProxy = 70F13A5C21CD1469009077DD /* PBXContainerItemProxy */;
		};
		70F13A6821CD1469009077DD /* PBXTargetDependency */ = {
			isa = PBXTargetDependency;
			target = 70F13A4621CD1466009077DD /* GotoPhoto */;
			targetProxy = 70F13A6721CD1469009077DD /* PBXContainerItemProxy */;
		};
/* End PBXTargetDependency section */

/* Begin PBXVariantGroup section */
		70F13A4E21CD1466009077DD /* Main.storyboard */ = {
			isa = PBXVariantGroup;
			children = (
				70F13A4F21CD1466009077DD /* Base */,
			);
			name = Main.storyboard;
			sourceTree = "<group>";
		};
		70F13A5321CD1468009077DD /* LaunchScreen.storyboard */ = {
			isa = PBXVariantGroup;
			children = (
				70F13A5421CD1468009077DD /* Base */,
			);
			name = LaunchScreen.storyboard;
			sourceTree = "<group>";
		};
/* End PBXVariantGroup section */

/* Begin XCBuildConfiguration section */
		70F13A6D21CD1469009077DD /* Debug */ = {
			isa = XCBuildConfiguration;
			buildSettings = {
				ALWAYS_SEARCH_USER_PATHS = NO;
				CLANG_ANALYZER_NONNULL = YES;
				CLANG_ANALYZER_NUMBER_OBJECT_CONVERSION = YES_AGGRESSIVE;
				CLANG_CXX_LANGUAGE_STANDARD = "gnu++14";
				CLANG_CXX_LIBRARY = "libc++";
				CLANG_ENABLE_MODULES = YES;
				CLANG_ENABLE_OBJC_ARC = YES;
				CLANG_ENABLE_OBJC_WEAK = YES;
				CLANG_WARN_BLOCK_CAPTURE_AUTORELEASING = YES;
				CLANG_WARN_BOOL_CONVERSION = YES;
				CLANG_WARN_COMMA = YES;
				CLANG_WARN_CONSTANT_CONVERSION = YES;
				CLANG_WARN_DEPRECATED_OBJC_IMPLEMENTATIONS = YES;
				CLANG_WARN_DIRECT_OBJC_ISA_USAGE = YES_ERROR;
				CLANG_WARN_DOCUMENTATION_COMMENTS = YES;
				CLANG_WARN_EMPTY_BODY = YES;
				CLANG_WARN_ENUM_CONVERSION = YES;
				CLANG_WARN_INFINITE_RECURSION = YES;
				CLANG_WARN_INT_CONVERSION = YES;
				CLANG_WARN_NON_LITERAL_NULL_CONVERSION = YES;
				CLANG_WARN_OBJC_IMPLICIT_RETAIN_SELF = YES;
				CLANG_WARN_OBJC_LITERAL_CONVERSION = YES;
				CLANG_WARN_OBJC_ROOT_CLASS = YES_ERROR;
				CLANG_WARN_RANGE_LOOP_ANALYSIS = YES;
				CLANG_WARN_STRICT_PROTOTYPES = YES;
				CLANG_WARN_SUSPICIOUS_MOVE = YES;
				CLANG_WARN_UNGUARDED_AVAILABILITY = YES_AGGRESSIVE;
				CLANG_WARN_UNREACHABLE_CODE = YES;
				CLANG_WARN__DUPLICATE_METHOD_MATCH = YES;
				CODE_SIGN_IDENTITY = "iPhone Developer";
				COPY_PHASE_STRIP = NO;
				DEBUG_INFORMATION_FORMAT = dwarf;
				ENABLE_STRICT_OBJC_MSGSEND = YES;
				ENABLE_TESTABILITY = YES;
				GCC_C_LANGUAGE_STANDARD = gnu11;
				GCC_DYNAMIC_NO_PIC = NO;
				GCC_NO_COMMON_BLOCKS = YES;
				GCC_OPTIMIZATION_LEVEL = 0;
				GCC_PREPROCESSOR_DEFINITIONS = (
					"DEBUG=1",
					"$(inherited)",
				);
				GCC_WARN_64_TO_32_BIT_CONVERSION = YES;
				GCC_WARN_ABOUT_RETURN_TYPE = YES_ERROR;
				GCC_WARN_UNDECLARED_SELECTOR = YES;
				GCC_WARN_UNINITIALIZED_AUTOS = YES_AGGRESSIVE;
				GCC_WARN_UNUSED_FUNCTION = YES;
				GCC_WARN_UNUSED_VARIABLE = YES;
				IPHONEOS_DEPLOYMENT_TARGET = 12.1;
				MTL_ENABLE_DEBUG_INFO = INCLUDE_SOURCE;
				MTL_FAST_MATH = YES;
				ONLY_ACTIVE_ARCH = YES;
				SDKROOT = iphoneos;
				SWIFT_ACTIVE_COMPILATION_CONDITIONS = DEBUG;
				SWIFT_OPTIMIZATION_LEVEL = "-Onone";
			};
			name = Debug;
		};
		70F13A6E21CD1469009077DD /* Release */ = {
			isa = XCBuildConfiguration;
			buildSettings = {
				ALWAYS_SEARCH_USER_PATHS = NO;
				CLANG_ANALYZER_NONNULL = YES;
				CLANG_ANALYZER_NUMBER_OBJECT_CONVERSION = YES_AGGRESSIVE;
				CLANG_CXX_LANGUAGE_STANDARD = "gnu++14";
				CLANG_CXX_LIBRARY = "libc++";
				CLANG_ENABLE_MODULES = YES;
				CLANG_ENABLE_OBJC_ARC = YES;
				CLANG_ENABLE_OBJC_WEAK = YES;
				CLANG_WARN_BLOCK_CAPTURE_AUTORELEASING = YES;
				CLANG_WARN_BOOL_CONVERSION = YES;
				CLANG_WARN_COMMA = YES;
				CLANG_WARN_CONSTANT_CONVERSION = YES;
				CLANG_WARN_DEPRECATED_OBJC_IMPLEMENTATIONS = YES;
				CLANG_WARN_DIRECT_OBJC_ISA_USAGE = YES_ERROR;
				CLANG_WARN_DOCUMENTATION_COMMENTS = YES;
				CLANG_WARN_EMPTY_BODY = YES;
				CLANG_WARN_ENUM_CONVERSION = YES;
				CLANG_WARN_INFINITE_RECURSION = YES;
				CLANG_WARN_INT_CONVERSION = YES;
				CLANG_WARN_NON_LITERAL_NULL_CONVERSION = YES;
				CLANG_WARN_OBJC_IMPLICIT_RETAIN_SELF = YES;
				CLANG_WARN_OBJC_LITERAL_CONVERSION = YES;
				CLANG_WARN_OBJC_ROOT_CLASS = YES_ERROR;
				CLANG_WARN_RANGE_LOOP_ANALYSIS = YES;
				CLANG_WARN_STRICT_PROTOTYPES = YES;
				CLANG_WARN_SUSPICIOUS_MOVE = YES;
				CLANG_WARN_UNGUARDED_AVAILABILITY = YES_AGGRESSIVE;
				CLANG_WARN_UNREACHABLE_CODE = YES;
				CLANG_WARN__DUPLICATE_METHOD_MATCH = YES;
				CODE_SIGN_IDENTITY = "iPhone Developer";
				COPY_PHASE_STRIP = NO;
				DEBUG_INFORMATION_FORMAT = "dwarf-with-dsym";
				ENABLE_NS_ASSERTIONS = NO;
				ENABLE_STRICT_OBJC_MSGSEND = YES;
				GCC_C_LANGUAGE_STANDARD = gnu11;
				GCC_NO_COMMON_BLOCKS = YES;
				GCC_WARN_64_TO_32_BIT_CONVERSION = YES;
				GCC_WARN_ABOUT_RETURN_TYPE = YES_ERROR;
				GCC_WARN_UNDECLARED_SELECTOR = YES;
				GCC_WARN_UNINITIALIZED_AUTOS = YES_AGGRESSIVE;
				GCC_WARN_UNUSED_FUNCTION = YES;
				GCC_WARN_UNUSED_VARIABLE = YES;
				IPHONEOS_DEPLOYMENT_TARGET = 12.1;
				MTL_ENABLE_DEBUG_INFO = NO;
				MTL_FAST_MATH = YES;
				SDKROOT = iphoneos;
				SWIFT_COMPILATION_MODE = wholemodule;
				SWIFT_OPTIMIZATION_LEVEL = "-O";
				VALIDATE_PRODUCT = YES;
			};
			name = Release;
		};
		70F13A7021CD1469009077DD /* Debug */ = {
			isa = XCBuildConfiguration;
			buildSettings = {
				ASSETCATALOG_COMPILER_APPICON_NAME = AppIcon;
				CODE_SIGN_STYLE = Automatic;
				DEVELOPMENT_TEAM = 68434A5LPG;
				FRAMEWORK_SEARCH_PATHS = (
					"$(inherited)",
					"$(USER_LIBRARY_DIR)/Mobile\\ Documents/com~apple~CloudDocs/XCode/Carthage/Build/iOS",
					"$(USER_LIBRARY_DIR)/Mobile\\ Documents/com~apple~CloudDocs/XCode/Carthage/Build/iOS",
					"$(PROJECT_DIR)/Carthage/Build/iOS",
					"$(HOME)/Library/SDKs/ArcGIS/iOS/Frameworks/Static",
				);
				INFOPLIST_FILE = GotoPhoto/Info.plist;
				IPHONEOS_DEPLOYMENT_TARGET = 11.0;
				LD_RUNPATH_SEARCH_PATHS = (
					"$(inherited)",
					"@executable_path/Frameworks",
				);
				OTHER_LDFLAGS = (
					"-ObjC",
					"-framework",
					ArcGIS,
					"-l",
					"c++",
				);
				PRODUCT_BUNDLE_IDENTIFIER = com.magicfairy.GotoPhoto;
				PRODUCT_NAME = "$(TARGET_NAME)";
				SWIFT_VERSION = 4.2;
				TARGETED_DEVICE_FAMILY = "1,2";
			};
			name = Debug;
		};
		70F13A7121CD1469009077DD /* Release */ = {
			isa = XCBuildConfiguration;
			buildSettings = {
				ASSETCATALOG_COMPILER_APPICON_NAME = AppIcon;
				CODE_SIGN_STYLE = Automatic;
				DEVELOPMENT_TEAM = 68434A5LPG;
				FRAMEWORK_SEARCH_PATHS = (
					"$(inherited)",
					"$(USER_LIBRARY_DIR)/Mobile\\ Documents/com~apple~CloudDocs/XCode/Carthage/Build/iOS",
					"$(USER_LIBRARY_DIR)/Mobile\\ Documents/com~apple~CloudDocs/XCode/Carthage/Build/iOS",
					"$(PROJECT_DIR)/Carthage/Build/iOS",
					"$(HOME)/Library/SDKs/ArcGIS/iOS/Frameworks/Static",
				);
				INFOPLIST_FILE = GotoPhoto/Info.plist;
				IPHONEOS_DEPLOYMENT_TARGET = 11.0;
				LD_RUNPATH_SEARCH_PATHS = (
					"$(inherited)",
					"@executable_path/Frameworks",
				);
				OTHER_LDFLAGS = (
					"-ObjC",
					"-framework",
					ArcGIS,
					"-l",
					"c++",
				);
				PRODUCT_BUNDLE_IDENTIFIER = com.magicfairy.GotoPhoto;
				PRODUCT_NAME = "$(TARGET_NAME)";
				SWIFT_VERSION = 4.2;
				TARGETED_DEVICE_FAMILY = "1,2";
			};
			name = Release;
		};
		70F13A7321CD1469009077DD /* Debug */ = {
			isa = XCBuildConfiguration;
			buildSettings = {
				ALWAYS_EMBED_SWIFT_STANDARD_LIBRARIES = YES;
				BUNDLE_LOADER = "$(TEST_HOST)";
				CODE_SIGN_STYLE = Automatic;
				DEVELOPMENT_TEAM = 68434A5LPG;
				INFOPLIST_FILE = GotoPhotoTests/Info.plist;
				LD_RUNPATH_SEARCH_PATHS = (
					"$(inherited)",
					"@executable_path/Frameworks",
					"@loader_path/Frameworks",
				);
				PRODUCT_BUNDLE_IDENTIFIER = com.magicfairy.GotoPhotoTests;
				PRODUCT_NAME = "$(TARGET_NAME)";
				SWIFT_VERSION = 4.2;
				TARGETED_DEVICE_FAMILY = "1,2";
				TEST_HOST = "$(BUILT_PRODUCTS_DIR)/GotoPhoto.app/GotoPhoto";
			};
			name = Debug;
		};
		70F13A7421CD1469009077DD /* Release */ = {
			isa = XCBuildConfiguration;
			buildSettings = {
				ALWAYS_EMBED_SWIFT_STANDARD_LIBRARIES = YES;
				BUNDLE_LOADER = "$(TEST_HOST)";
				CODE_SIGN_STYLE = Automatic;
				DEVELOPMENT_TEAM = 68434A5LPG;
				INFOPLIST_FILE = GotoPhotoTests/Info.plist;
				LD_RUNPATH_SEARCH_PATHS = (
					"$(inherited)",
					"@executable_path/Frameworks",
					"@loader_path/Frameworks",
				);
				PRODUCT_BUNDLE_IDENTIFIER = com.magicfairy.GotoPhotoTests;
				PRODUCT_NAME = "$(TARGET_NAME)";
				SWIFT_VERSION = 4.2;
				TARGETED_DEVICE_FAMILY = "1,2";
				TEST_HOST = "$(BUILT_PRODUCTS_DIR)/GotoPhoto.app/GotoPhoto";
			};
			name = Release;
		};
		70F13A7621CD1469009077DD /* Debug */ = {
			isa = XCBuildConfiguration;
			buildSettings = {
				ALWAYS_EMBED_SWIFT_STANDARD_LIBRARIES = YES;
				CODE_SIGN_STYLE = Automatic;
				DEVELOPMENT_TEAM = 68434A5LPG;
				INFOPLIST_FILE = GotoPhotoUITests/Info.plist;
				LD_RUNPATH_SEARCH_PATHS = (
					"$(inherited)",
					"@executable_path/Frameworks",
					"@loader_path/Frameworks",
				);
				PRODUCT_BUNDLE_IDENTIFIER = com.magicfairy.GotoPhotoUITests;
				PRODUCT_NAME = "$(TARGET_NAME)";
				SWIFT_VERSION = 4.2;
				TARGETED_DEVICE_FAMILY = "1,2";
				TEST_TARGET_NAME = GotoPhoto;
			};
			name = Debug;
		};
		70F13A7721CD1469009077DD /* Release */ = {
			isa = XCBuildConfiguration;
			buildSettings = {
				ALWAYS_EMBED_SWIFT_STANDARD_LIBRARIES = YES;
				CODE_SIGN_STYLE = Automatic;
				DEVELOPMENT_TEAM = 68434A5LPG;
				INFOPLIST_FILE = GotoPhotoUITests/Info.plist;
				LD_RUNPATH_SEARCH_PATHS = (
					"$(inherited)",
					"@executable_path/Frameworks",
					"@loader_path/Frameworks",
				);
				PRODUCT_BUNDLE_IDENTIFIER = com.magicfairy.GotoPhotoUITests;
				PRODUCT_NAME = "$(TARGET_NAME)";
				SWIFT_VERSION = 4.2;
				TARGETED_DEVICE_FAMILY = "1,2";
				TEST_TARGET_NAME = GotoPhoto;
			};
			name = Release;
		};
/* End XCBuildConfiguration section */

/* Begin XCConfigurationList section */
		70F13A4221CD1466009077DD /* Build configuration list for PBXProject "GotoPhoto" */ = {
			isa = XCConfigurationList;
			buildConfigurations = (
				70F13A6D21CD1469009077DD /* Debug */,
				70F13A6E21CD1469009077DD /* Release */,
			);
			defaultConfigurationIsVisible = 0;
			defaultConfigurationName = Release;
		};
		70F13A6F21CD1469009077DD /* Build configuration list for PBXNativeTarget "GotoPhoto" */ = {
			isa = XCConfigurationList;
			buildConfigurations = (
				70F13A7021CD1469009077DD /* Debug */,
				70F13A7121CD1469009077DD /* Release */,
			);
			defaultConfigurationIsVisible = 0;
			defaultConfigurationName = Release;
		};
		70F13A7221CD1469009077DD /* Build configuration list for PBXNativeTarget "GotoPhotoTests" */ = {
			isa = XCConfigurationList;
			buildConfigurations = (
				70F13A7321CD1469009077DD /* Debug */,
				70F13A7421CD1469009077DD /* Release */,
			);
			defaultConfigurationIsVisible = 0;
			defaultConfigurationName = Release;
		};
		70F13A7521CD1469009077DD /* Build configuration list for PBXNativeTarget "GotoPhotoUITests" */ = {
			isa = XCConfigurationList;
			buildConfigurations = (
				70F13A7621CD1469009077DD /* Debug */,
				70F13A7721CD1469009077DD /* Release */,
			);
			defaultConfigurationIsVisible = 0;
			defaultConfigurationName = Release;
		};
/* End XCConfigurationList section */
	};
	rootObject = 70F13A3F21CD1466009077DD /* Project object */;
}
